lockfileVersion: 5.4

specifiers:
  '@types/node': ^18.11.15
  axios: ^1.2.1
  cssnano: ^5.1.14
  postcss: ^8.4.20
  typescript: ^4.9.4

dependencies:
  axios: registry.npmmirror.com/axios/1.2.1
  postcss: registry.npmmirror.com/postcss/8.4.20

devDependencies:
  '@types/node': registry.npmmirror.com/@types/node/18.11.15
  cssnano: registry.npmmirror.com/cssnano/5.1.14_postcss@8.4.20
  typescript: registry.npmmirror.com/typescript/4.9.4

packages:

  registry.npmmirror.com/@trysound/sax/0.2.0:
    resolution: {integrity: sha512-L7z9BgrNEcYyUYtF+HaEfiS5ebkh9jXqbszz7pC0hRBPaatV0XjSD3+eHrpqFemQfgwiFF0QPIarnIihIDn7OA==, registry: https://registry.npm.taobao.org/, tarball: https://registry.npmmirror.com/@trysound/sax/-/sax-0.2.0.tgz}
    name: '@trysound/sax'
    version: 0.2.0
    engines: {node: '>=10.13.0'}
    dev: true

  registry.npmmirror.com/@types/node/18.11.15:
    resolution: {integrity: sha512-VkhBbVo2+2oozlkdHXLrb3zjsRkpdnaU2bXmX8Wgle3PUi569eLRaHGlgETQHR7lLL1w7GiG3h9SnePhxNDecw==, registry: https://registry.npm.taobao.org/, tarball: https://registry.npmmirror.com/@types/node/-/node-18.11.15.tgz}
    name: '@types/node'
    version: 18.11.15
    dev: true

  registry.npmmirror.com/asynckit/0.4.0:
    resolution: {integrity: sha512-Oei9OH4tRh0YqU3GxhX79dM/mwVgvbZJaSNaRk+bshkj0S5cfHcgYakreBjrHwatXKbz+IoIdYLxrKim2MjW0Q==, registry: https://registry.npm.taobao.org/, tarball: https://registry.npmmirror.com/asynckit/-/asynckit-0.4.0.tgz}
    name: asynckit
    version: 0.4.0
    dev: false

  registry.npmmirror.com/axios/1.2.1:
    resolution: {integrity: sha512-I88cFiGu9ryt/tfVEi4kX2SITsvDddTajXTOFmt2uK1ZVA8LytjtdeyefdQWEf5PU8w+4SSJDoYnggflB5tW4A==, registry: https://registry.npm.taobao.org/, tarball: https://registry.npmmirror.com/axios/-/axios-1.2.1.tgz}
    name: axios
    version: 1.2.1
    dependencies:
      follow-redirects: registry.npmmirror.com/follow-redirects/1.15.2
      form-data: registry.npmmirror.com/form-data/4.0.0
      proxy-from-env: registry.npmmirror.com/proxy-from-env/1.1.0
    transitivePeerDependencies:
      - debug
    dev: false

  registry.npmmirror.com/boolbase/1.0.0:
    resolution: {integrity: sha512-JZOSA7Mo9sNGB8+UjSgzdLtokWAky1zbztM3WRLCbZ70/3cTANmQmOdR7y2g+J0e2WXywy1yS468tY+IruqEww==, registry: https://registry.npm.taobao.org/, tarball: https://registry.npmmirror.com/boolbase/-/boolbase-1.0.0.tgz}
    name: boolbase
    version: 1.0.0
    dev: true

  registry.npmmirror.com/browserslist/4.21.4:
    resolution: {integrity: sha512-CBHJJdDmgjl3daYjN5Cp5kbTf1mUhZoS+beLklHIvkOWscs83YAhLlF3Wsh/lciQYAcbBJgTOD44VtG31ZM4Hw==, registry: https://registry.npm.taobao.org/, tarball: https://registry.npmmirror.com/browserslist/-/browserslist-4.21.4.tgz}
    name: browserslist
    version: 4.21.4
    engines: {node: ^6 || ^7 || ^8 || ^9 || ^10 || ^11 || ^12 || >=13.7}
    hasBin: true
    dependencies:
      caniuse-lite: registry.npmmirror.com/caniuse-lite/1.0.30001441
      electron-to-chromium: registry.npmmirror.com/electron-to-chromium/1.4.284
      node-releases: registry.npmmirror.com/node-releases/2.0.8
      update-browserslist-db: registry.npmmirror.com/update-browserslist-db/1.0.10_browserslist@4.21.4
    dev: true

  registry.npmmirror.com/caniuse-api/3.0.0:
    resolution: {integrity: sha512-bsTwuIg/BZZK/vreVTYYbSWoe2F+71P7K5QGEX+pT250DZbfU1MQ5prOKpPR+LL6uWKK3KMwMCAS74QB3Um1uw==, registry: https://registry.npm.taobao.org/, tarball: https://registry.npmmirror.com/caniuse-api/-/caniuse-api-3.0.0.tgz}
    name: caniuse-api
    version: 3.0.0
    dependencies:
      browserslist: registry.npmmirror.com/browserslist/4.21.4
      caniuse-lite: registry.npmmirror.com/caniuse-lite/1.0.30001441
      lodash.memoize: registry.npmmirror.com/lodash.memoize/4.1.2
      lodash.uniq: registry.npmmirror.com/lodash.uniq/4.5.0
    dev: true

  registry.npmmirror.com/caniuse-lite/1.0.30001441:
    resolution: {integrity: sha512-OyxRR4Vof59I3yGWXws6i908EtGbMzVUi3ganaZQHmydk1iwDhRnvaPG2WaR0KcqrDFKrxVZHULT396LEPhXfg==, registry: https://registry.npm.taobao.org/, tarball: https://registry.npmmirror.com/caniuse-lite/-/caniuse-lite-1.0.30001441.tgz}
    name: caniuse-lite
    version: 1.0.30001441
    dev: true

  registry.npmmirror.com/colord/2.9.3:
    resolution: {integrity: sha512-jeC1axXpnb0/2nn/Y1LPuLdgXBLH7aDcHu4KEKfqw3CUhX7ZpfBSlPKyqXE6btIgEzfWtrX3/tyBCaCvXvMkOw==, registry: https://registry.npm.taobao.org/, tarball: https://registry.npmmirror.com/colord/-/colord-2.9.3.tgz}
    name: colord
    version: 2.9.3
    dev: true

  registry.npmmirror.com/combined-stream/1.0.8:
    resolution: {integrity: sha512-FQN4MRfuJeHf7cBbBMJFXhKSDq+2kAArBlmRBvcvFE5BB1HZKXtSFASDhdlz9zOYwxh8lDdnvmMOe/+5cdoEdg==, registry: https://registry.npm.taobao.org/, tarball: https://registry.npmmirror.com/combined-stream/-/combined-stream-1.0.8.tgz}
    name: combined-stream
    version: 1.0.8
    engines: {node: '>= 0.8'}
    dependencies:
      delayed-stream: registry.npmmirror.com/delayed-stream/1.0.0
    dev: false

  registry.npmmirror.com/commander/7.2.0:
    resolution: {integrity: sha512-QrWXB+ZQSVPmIWIhtEO9H+gwHaMGYiF5ChvoJ+K9ZGHG/sVsa6yiesAD1GC/x46sET00Xlwo1u49RVVVzvcSkw==, registry: https://registry.npm.taobao.org/, tarball: https://registry.npmmirror.com/commander/-/commander-7.2.0.tgz}
    name: commander
    version: 7.2.0
    engines: {node: '>= 10'}
    dev: true

  registry.npmmirror.com/css-declaration-sorter/6.3.1_postcss@8.4.20:
    resolution: {integrity: sha512-fBffmak0bPAnyqc/HO8C3n2sHrp9wcqQz6ES9koRF2/mLOVAx9zIQ3Y7R29sYCteTPqMCwns4WYQoCX91Xl3+w==, registry: https://registry.npm.taobao.org/, tarball: https://registry.npmmirror.com/css-declaration-sorter/-/css-declaration-sorter-6.3.1.tgz}
    id: registry.npmmirror.com/css-declaration-sorter/6.3.1
    name: css-declaration-sorter
    version: 6.3.1
    engines: {node: ^10 || ^12 || >=14}
    peerDependencies:
      postcss: ^8.0.9
    dependencies:
      postcss: registry.npmmirror.com/postcss/8.4.20
    dev: true

  registry.npmmirror.com/css-select/4.3.0:
    resolution: {integrity: sha512-wPpOYtnsVontu2mODhA19JrqWxNsfdatRKd64kmpRbQgh1KtItko5sTnEpPdpSaJszTOhEMlF/RPz28qj4HqhQ==, registry: https://registry.npm.taobao.org/, tarball: https://registry.npmmirror.com/css-select/-/css-select-4.3.0.tgz}
    name: css-select
    version: 4.3.0
    dependencies:
      boolbase: registry.npmmirror.com/boolbase/1.0.0
      css-what: registry.npmmirror.com/css-what/6.1.0
      domhandler: registry.npmmirror.com/domhandler/4.3.1
      domutils: registry.npmmirror.com/domutils/2.8.0
      nth-check: registry.npmmirror.com/nth-check/2.1.1
    dev: true

  registry.npmmirror.com/css-tree/1.1.3:
    resolution: {integrity: sha512-tRpdppF7TRazZrjJ6v3stzv93qxRcSsFmW6cX0Zm2NVKpxE1WV1HblnghVv9TreireHkqI/VDEsfolRF1p6y7Q==, registry: https://registry.npm.taobao.org/, tarball: https://registry.npmmirror.com/css-tree/-/css-tree-1.1.3.tgz}
    name: css-tree
    version: 1.1.3
    engines: {node: '>=8.0.0'}
    dependencies:
      mdn-data: registry.npmmirror.com/mdn-data/2.0.14
      source-map: registry.npmmirror.com/source-map/0.6.1
    dev: true

  registry.npmmirror.com/css-what/6.1.0:
    resolution: {integrity: sha512-HTUrgRJ7r4dsZKU6GjmpfRK1O76h97Z8MfS1G0FozR+oF2kG6Vfe8JE6zwrkbxigziPHinCJ+gCPjA9EaBDtRw==, registry: https://registry.npm.taobao.org/, tarball: https://registry.npmmirror.com/css-what/-/css-what-6.1.0.tgz}
    name: css-what
    version: 6.1.0
    engines: {node: '>= 6'}
    dev: true

  registry.npmmirror.com/cssesc/3.0.0:
    resolution: {integrity: sha512-/Tb/JcjK111nNScGob5MNtsntNM1aCNUDipB/TkwZFhyDrrE47SOx/18wF2bbjgc3ZzCSKW1T5nt5EbFoAz/Vg==, registry: https://registry.npm.taobao.org/, tarball: https://registry.npmmirror.com/cssesc/-/cssesc-3.0.0.tgz}
    name: cssesc
    version: 3.0.0
    engines: {node: '>=4'}
    hasBin: true
    dev: true

  registry.npmmirror.com/cssnano-preset-default/5.2.13_postcss@8.4.20:
    resolution: {integrity: sha512-PX7sQ4Pb+UtOWuz8A1d+Rbi+WimBIxJTRyBdgGp1J75VU0r/HFQeLnMYgHiCAp6AR4rqrc7Y4R+1Rjk3KJz6DQ==, registry: https://registry.npm.taobao.org/, tarball: https://registry.npmmirror.com/cssnano-preset-default/-/cssnano-preset-default-5.2.13.tgz}
    id: registry.npmmirror.com/cssnano-preset-default/5.2.13
    name: cssnano-preset-default
    version: 5.2.13
    engines: {node: ^10 || ^12 || >=14.0}
    peerDependencies:
      postcss: ^8.2.15
    dependencies:
      css-declaration-sorter: registry.npmmirror.com/css-declaration-sorter/6.3.1_postcss@8.4.20
      cssnano-utils: registry.npmmirror.com/cssnano-utils/3.1.0_postcss@8.4.20
      postcss: registry.npmmirror.com/postcss/8.4.20
      postcss-calc: registry.npmmirror.com/postcss-calc/8.2.4_postcss@8.4.20
      postcss-colormin: registry.npmmirror.com/postcss-colormin/5.3.0_postcss@8.4.20
      postcss-convert-values: registry.npmmirror.com/postcss-convert-values/5.1.3_postcss@8.4.20
      postcss-discard-comments: registry.npmmirror.com/postcss-discard-comments/5.1.2_postcss@8.4.20
      postcss-discard-duplicates: registry.npmmirror.com/postcss-discard-duplicates/5.1.0_postcss@8.4.20
      postcss-discard-empty: registry.npmmirror.com/postcss-discard-empty/5.1.1_postcss@8.4.20
      postcss-discard-overridden: registry.npmmirror.com/postcss-discard-overridden/5.1.0_postcss@8.4.20
      postcss-merge-longhand: registry.npmmirror.com/postcss-merge-longhand/5.1.7_postcss@8.4.20
      postcss-merge-rules: registry.npmmirror.com/postcss-merge-rules/5.1.3_postcss@8.4.20
      postcss-minify-font-values: registry.npmmirror.com/postcss-minify-font-values/5.1.0_postcss@8.4.20
      postcss-minify-gradients: registry.npmmirror.com/postcss-minify-gradients/5.1.1_postcss@8.4.20
      postcss-minify-params: registry.npmmirror.com/postcss-minify-params/5.1.4_postcss@8.4.20
      postcss-minify-selectors: registry.npmmirror.com/postcss-minify-selectors/5.2.1_postcss@8.4.20
      postcss-normalize-charset: registry.npmmirror.com/postcss-normalize-charset/5.1.0_postcss@8.4.20
      postcss-normalize-display-values: registry.npmmirror.com/postcss-normalize-display-values/5.1.0_postcss@8.4.20
      postcss-normalize-positions: registry.npmmirror.com/postcss-normalize-positions/5.1.1_postcss@8.4.20
      postcss-normalize-repeat-style: registry.npmmirror.com/postcss-normalize-repeat-style/5.1.1_postcss@8.4.20
      postcss-normalize-string: registry.npmmirror.com/postcss-normalize-string/5.1.0_postcss@8.4.20
      postcss-normalize-timing-functions: registry.npmmirror.com/postcss-normalize-timing-functions/5.1.0_postcss@8.4.20
      postcss-normalize-unicode: registry.npmmirror.com/postcss-normalize-unicode/5.1.1_postcss@8.4.20
      postcss-normalize-url: registry.npmmirror.com/postcss-normalize-url/5.1.0_postcss@8.4.20
      postcss-normalize-whitespace: registry.npmmirror.com/postcss-normalize-whitespace/5.1.1_postcss@8.4.20
      postcss-ordered-values: registry.npmmirror.com/postcss-ordered-values/5.1.3_postcss@8.4.20
      postcss-reduce-initial: registry.npmmirror.com/postcss-reduce-initial/5.1.1_postcss@8.4.20
      postcss-reduce-transforms: registry.npmmirror.com/postcss-reduce-transforms/5.1.0_postcss@8.4.20
      postcss-svgo: registry.npmmirror.com/postcss-svgo/5.1.0_postcss@8.4.20
      postcss-unique-selectors: registry.npmmirror.com/postcss-unique-selectors/5.1.1_postcss@8.4.20
    dev: true

  registry.npmmirror.com/cssnano-utils/3.1.0_postcss@8.4.20:
    resolution: {integrity: sha512-JQNR19/YZhz4psLX/rQ9M83e3z2Wf/HdJbryzte4a3NSuafyp9w/I4U+hx5C2S9g41qlstH7DEWnZaaj83OuEA==, registry: https://registry.npm.taobao.org/, tarball: https://registry.npmmirror.com/cssnano-utils/-/cssnano-utils-3.1.0.tgz}
    id: registry.npmmirror.com/cssnano-utils/3.1.0
    name: cssnano-utils
    version: 3.1.0
    engines: {node: ^10 || ^12 || >=14.0}
    peerDependencies:
      postcss: ^8.2.15
    dependencies:
      postcss: registry.npmmirror.com/postcss/8.4.20
    dev: true

  registry.npmmirror.com/cssnano/5.1.14_postcss@8.4.20:
    resolution: {integrity: sha512-Oou7ihiTocbKqi0J1bB+TRJIQX5RMR3JghA8hcWSw9mjBLQ5Y3RWqEDoYG3sRNlAbCIXpqMoZGbq5KDR3vdzgw==, registry: https://registry.npm.taobao.org/, tarball: https://registry.npmmirror.com/cssnano/-/cssnano-5.1.14.tgz}
    id: registry.npmmirror.com/cssnano/5.1.14
    name: cssnano
    version: 5.1.14
    engines: {node: ^10 || ^12 || >=14.0}
    peerDependencies:
      postcss: ^8.2.15
    dependencies:
      cssnano-preset-default: registry.npmmirror.com/cssnano-preset-default/5.2.13_postcss@8.4.20
      lilconfig: registry.npmmirror.com/lilconfig/2.0.6
      postcss: registry.npmmirror.com/postcss/8.4.20
      yaml: registry.npmmirror.com/yaml/1.10.2
    dev: true

  registry.npmmirror.com/csso/4.2.0:
    resolution: {integrity: sha512-wvlcdIbf6pwKEk7vHj8/Bkc0B4ylXZruLvOgs9doS5eOsOpuodOV2zJChSpkp+pRpYQLQMeF04nr3Z68Sta9jA==, registry: https://registry.npm.taobao.org/, tarball: https://registry.npmmirror.com/csso/-/csso-4.2.0.tgz}
    name: csso
    version: 4.2.0
    engines: {node: '>=8.0.0'}
    dependencies:
      css-tree: registry.npmmirror.com/css-tree/1.1.3
    dev: true

  registry.npmmirror.com/delayed-stream/1.0.0:
    resolution: {integrity: sha512-ZySD7Nf91aLB0RxL4KGrKHBXl7Eds1DAmEdcoVawXnLD7SDhpNgtuII2aAkg7a7QS41jxPSZ17p4VdGnMHk3MQ==, registry: https://registry.npm.taobao.org/, tarball: https://registry.npmmirror.com/delayed-stream/-/delayed-stream-1.0.0.tgz}
    name: delayed-stream
    version: 1.0.0
    engines: {node: '>=0.4.0'}
    dev: false

  registry.npmmirror.com/dom-serializer/1.4.1:
    resolution: {integrity: sha512-VHwB3KfrcOOkelEG2ZOfxqLZdfkil8PtJi4P8N2MMXucZq2yLp75ClViUlOVwyoHEDjYU433Aq+5zWP61+RGag==, registry: https://registry.npm.taobao.org/, tarball: https://registry.npmmirror.com/dom-serializer/-/dom-serializer-1.4.1.tgz}
    name: dom-serializer
    version: 1.4.1
    dependencies:
      domelementtype: registry.npmmirror.com/domelementtype/2.3.0
      domhandler: registry.npmmirror.com/domhandler/4.3.1
      entities: registry.npmmirror.com/entities/2.2.0
    dev: true

  registry.npmmirror.com/domelementtype/2.3.0:
    resolution: {integrity: sha512-OLETBj6w0OsagBwdXnPdN0cnMfF9opN69co+7ZrbfPGrdpPVNBUj02spi6B1N7wChLQiPn4CSH/zJvXw56gmHw==, registry: https://registry.npm.taobao.org/, tarball: https://registry.npmmirror.com/domelementtype/-/domelementtype-2.3.0.tgz}
    name: domelementtype
    version: 2.3.0
    dev: true

  registry.npmmirror.com/domhandler/4.3.1:
    resolution: {integrity: sha512-GrwoxYN+uWlzO8uhUXRl0P+kHE4GtVPfYzVLcUxPL7KNdHKj66vvlhiweIHqYYXWlw+T8iLMp42Lm67ghw4WMQ==, registry: https://registry.npm.taobao.org/, tarball: https://registry.npmmirror.com/domhandler/-/domhandler-4.3.1.tgz}
    name: domhandler
    version: 4.3.1
    engines: {node: '>= 4'}
    dependencies:
      domelementtype: registry.npmmirror.com/domelementtype/2.3.0
    dev: true

  registry.npmmirror.com/domutils/2.8.0:
    resolution: {integrity: sha512-w96Cjofp72M5IIhpjgobBimYEfoPjx1Vx0BSX9P30WBdZW2WIKU0T1Bd0kz2eNZ9ikjKgHbEyKx8BB6H1L3h3A==, registry: https://registry.npm.taobao.org/, tarball: https://registry.npmmirror.com/domutils/-/domutils-2.8.0.tgz}
    name: domutils
    version: 2.8.0
    dependencies:
      dom-serializer: registry.npmmirror.com/dom-serializer/1.4.1
      domelementtype: registry.npmmirror.com/domelementtype/2.3.0
      domhandler: registry.npmmirror.com/domhandler/4.3.1
    dev: true

  registry.npmmirror.com/electron-to-chromium/1.4.284:
    resolution: {integrity: sha512-M8WEXFuKXMYMVr45fo8mq0wUrrJHheiKZf6BArTKk9ZBYCKJEOU5H8cdWgDT+qCVZf7Na4lVUaZsA+h6uA9+PA==, registry: https://registry.npm.taobao.org/, tarball: https://registry.npmmirror.com/electron-to-chromium/-/electron-to-chromium-1.4.284.tgz}
    name: electron-to-chromium
    version: 1.4.284
    dev: true

  registry.npmmirror.com/entities/2.2.0:
    resolution: {integrity: sha512-p92if5Nz619I0w+akJrLZH0MX0Pb5DX39XOwQTtXSdQQOaYH03S1uIQp4mhOZtAXrxq4ViO67YTiLBo2638o9A==, registry: https://registry.npm.taobao.org/, tarball: https://registry.npmmirror.com/entities/-/entities-2.2.0.tgz}
    name: entities
    version: 2.2.0
    dev: true

  registry.npmmirror.com/escalade/3.1.1:
    resolution: {integrity: sha512-k0er2gUkLf8O0zKJiAhmkTnJlTvINGv7ygDNPbeIsX/TJjGJZHuh9B2UxbsaEkmlEo9MfhrSzmhIlhRlI2GXnw==, registry: https://registry.npm.taobao.org/, tarball: https://registry.npmmirror.com/escalade/-/escalade-3.1.1.tgz}
    name: escalade
    version: 3.1.1
    engines: {node: '>=6'}
    dev: true

  registry.npmmirror.com/follow-redirects/1.15.2:
    resolution: {integrity: sha512-VQLG33o04KaQ8uYi2tVNbdrWp1QWxNNea+nmIB4EVM28v0hmP17z7aG1+wAkNzVq4KeXTq3221ye5qTJP91JwA==, registry: https://registry.npm.taobao.org/, tarball: https://registry.npmmirror.com/follow-redirects/-/follow-redirects-1.15.2.tgz}
    name: follow-redirects
    version: 1.15.2
    engines: {node: '>=4.0'}
    peerDependencies:
      debug: '*'
    peerDependenciesMeta:
      debug:
        optional: true
    dev: false

  registry.npmmirror.com/form-data/4.0.0:
    resolution: {integrity: sha512-ETEklSGi5t0QMZuiXoA/Q6vcnxcLQP5vdugSpuAyi6SVGi2clPPp+xgEhuMaHC+zGgn31Kd235W35f7Hykkaww==, registry: https://registry.npm.taobao.org/, tarball: https://registry.npmmirror.com/form-data/-/form-data-4.0.0.tgz}
    name: form-data
    version: 4.0.0
    engines: {node: '>= 6'}
    dependencies:
      asynckit: registry.npmmirror.com/asynckit/0.4.0
      combined-stream: registry.npmmirror.com/combined-stream/1.0.8
      mime-types: registry.npmmirror.com/mime-types/2.1.35
    dev: false

  registry.npmmirror.com/lilconfig/2.0.6:
    resolution: {integrity: sha512-9JROoBW7pobfsx+Sq2JsASvCo6Pfo6WWoUW79HuB1BCoBXD4PLWJPqDF6fNj67pqBYTbAHkE57M1kS/+L1neOg==, registry: https://registry.npm.taobao.org/, tarball: https://registry.npmmirror.com/lilconfig/-/lilconfig-2.0.6.tgz}
    name: lilconfig
    version: 2.0.6
    engines: {node: '>=10'}
    dev: true

  registry.npmmirror.com/lodash.memoize/4.1.2:
    resolution: {integrity: sha512-t7j+NzmgnQzTAYXcsHYLgimltOV1MXHtlOWf6GjL9Kj8GK5FInw5JotxvbOs+IvV1/Dzo04/fCGfLVs7aXb4Ag==, registry: https://registry.npm.taobao.org/, tarball: https://registry.npmmirror.com/lodash.memoize/-/lodash.memoize-4.1.2.tgz}
    name: lodash.memoize
    version: 4.1.2
    dev: true

  registry.npmmirror.com/lodash.uniq/4.5.0:
    resolution: {integrity: sha512-xfBaXQd9ryd9dlSDvnvI0lvxfLJlYAZzXomUYzLKtUeOQvOP5piqAWuGtrhWeqaXK9hhoM/iyJc5AV+XfsX3HQ==, registry: https://registry.npm.taobao.org/, tarball: https://registry.npmmirror.com/lodash.uniq/-/lodash.uniq-4.5.0.tgz}
    name: lodash.uniq
    version: 4.5.0
    dev: true

  registry.npmmirror.com/mdn-data/2.0.14:
    resolution: {integrity: sha512-dn6wd0uw5GsdswPFfsgMp5NSB0/aDe6fK94YJV/AJDYXL6HVLWBsxeq7js7Ad+mU2K9LAlwpk6kN2D5mwCPVow==, registry: https://registry.npm.taobao.org/, tarball: https://registry.npmmirror.com/mdn-data/-/mdn-data-2.0.14.tgz}
    name: mdn-data
    version: 2.0.14
    dev: true

  registry.npmmirror.com/mime-db/1.52.0:
    resolution: {integrity: sha512-sPU4uV7dYlvtWJxwwxHD0PuihVNiE7TyAbQ5SWxDCB9mUYvOgroQOwYQQOKPJ8CIbE+1ETVlOoK1UC2nU3gYvg==, registry: https://registry.npm.taobao.org/, tarball: https://registry.npmmirror.com/mime-db/-/mime-db-1.52.0.tgz}
    name: mime-db
    version: 1.52.0
    engines: {node: '>= 0.6'}
    dev: false

  registry.npmmirror.com/mime-types/2.1.35:
    resolution: {integrity: sha512-ZDY+bPm5zTTF+YpCrAU9nK0UgICYPT0QtT1NZWFv4s++TNkcgVaT0g6+4R2uI4MjQjzysHB1zxuWL50hzaeXiw==, registry: https://registry.npm.taobao.org/, tarball: https://registry.npmmirror.com/mime-types/-/mime-types-2.1.35.tgz}
    name: mime-types
    version: 2.1.35
    engines: {node: '>= 0.6'}
    dependencies:
      mime-db: registry.npmmirror.com/mime-db/1.52.0
    dev: false

  registry.npmmirror.com/nanoid/3.3.4:
    resolution: {integrity: sha512-MqBkQh/OHTS2egovRtLk45wEyNXwF+cokD+1YPf9u5VfJiRdAiRwB2froX5Co9Rh20xs4siNPm8naNotSD6RBw==, registry: https://registry.npm.taobao.org/, tarball: https://registry.npmmirror.com/nanoid/-/nanoid-3.3.4.tgz}
    name: nanoid
    version: 3.3.4
    engines: {node: ^10 || ^12 || ^13.7 || ^14 || >=15.0.1}
    hasBin: true

  registry.npmmirror.com/node-releases/2.0.8:
    resolution: {integrity: sha512-dFSmB8fFHEH/s81Xi+Y/15DQY6VHW81nXRj86EMSL3lmuTmK1e+aT4wrFCkTbm+gSwkw4KpX+rT/pMM2c1mF+A==, registry: https://registry.npm.taobao.org/, tarball: https://registry.npmmirror.com/node-releases/-/node-releases-2.0.8.tgz}
    name: node-releases
    version: 2.0.8
    dev: true

  registry.npmmirror.com/normalize-url/6.1.0:
    resolution: {integrity: sha512-DlL+XwOy3NxAQ8xuC0okPgK46iuVNAK01YN7RueYBqqFeGsBjV9XmCAzAdgt+667bCl5kPh9EqKKDwnaPG1I7A==, registry: https://registry.npm.taobao.org/, tarball: https://registry.npmmirror.com/normalize-url/-/normalize-url-6.1.0.tgz}
    name: normalize-url
    version: 6.1.0
    engines: {node: '>=10'}
    dev: true

  registry.npmmirror.com/nth-check/2.1.1:
    resolution: {integrity: sha512-lqjrjmaOoAnWfMmBPL+XNnynZh2+swxiX3WUE0s4yEHI6m+AwrK2UZOimIRl3X/4QctVqS8AiZjFqyOGrMXb/w==, registry: https://registry.npm.taobao.org/, tarball: https://registry.npmmirror.com/nth-check/-/nth-check-2.1.1.tgz}
    name: nth-check
    version: 2.1.1
    dependencies:
      boolbase: registry.npmmirror.com/boolbase/1.0.0
    dev: true

  registry.npmmirror.com/picocolors/1.0.0:
    resolution: {integrity: sha512-1fygroTLlHu66zi26VoTDv8yRgm0Fccecssto+MhsZ0D/DGW2sm8E8AjW7NU5VVTRt5GxbeZ5qBuJr+HyLYkjQ==, registry: https://registry.npm.taobao.org/, tarball: https://registry.npmmirror.com/picocolors/-/picocolors-1.0.0.tgz}
    name: picocolors
    version: 1.0.0

  registry.npmmirror.com/postcss-calc/8.2.4_postcss@8.4.20:
    resolution: {integrity: sha512-SmWMSJmB8MRnnULldx0lQIyhSNvuDl9HfrZkaqqE/WHAhToYsAvDq+yAsA/kIyINDszOp3Rh0GFoNuH5Ypsm3Q==, registry: https://registry.npm.taobao.org/, tarball: https://registry.npmmirror.com/postcss-calc/-/postcss-calc-8.2.4.tgz}
    id: registry.npmmirror.com/postcss-calc/8.2.4
    name: postcss-calc
    version: 8.2.4
    peerDependencies:
      postcss: ^8.2.2
    dependencies:
      postcss: registry.npmmirror.com/postcss/8.4.20
      postcss-selector-parser: registry.npmmirror.com/postcss-selector-parser/6.0.11
      postcss-value-parser: registry.npmmirror.com/postcss-value-parser/4.2.0
    dev: true

  registry.npmmirror.com/postcss-colormin/5.3.0_postcss@8.4.20:
    resolution: {integrity: sha512-WdDO4gOFG2Z8n4P8TWBpshnL3JpmNmJwdnfP2gbk2qBA8PWwOYcmjmI/t3CmMeL72a7Hkd+x/Mg9O2/0rD54Pg==, registry: https://registry.npm.taobao.org/, tarball: https://registry.npmmirror.com/postcss-colormin/-/postcss-colormin-5.3.0.tgz}
    id: registry.npmmirror.com/postcss-colormin/5.3.0
    name: postcss-colormin
    version: 5.3.0
    engines: {node: ^10 || ^12 || >=14.0}
    peerDependencies:
      postcss: ^8.2.15
    dependencies:
      browserslist: registry.npmmirror.com/browserslist/4.21.4
      caniuse-api: registry.npmmirror.com/caniuse-api/3.0.0
      colord: registry.npmmirror.com/colord/2.9.3
      postcss: registry.npmmirror.com/postcss/8.4.20
      postcss-value-parser: registry.npmmirror.com/postcss-value-parser/4.2.0
    dev: true

  registry.npmmirror.com/postcss-convert-values/5.1.3_postcss@8.4.20:
    resolution: {integrity: sha512-82pC1xkJZtcJEfiLw6UXnXVXScgtBrjlO5CBmuDQc+dlb88ZYheFsjTn40+zBVi3DkfF7iezO0nJUPLcJK3pvA==, registry: https://registry.npm.taobao.org/, tarball: https://registry.npmmirror.com/postcss-convert-values/-/postcss-convert-values-5.1.3.tgz}
    id: registry.npmmirror.com/postcss-convert-values/5.1.3
    name: postcss-convert-values
    version: 5.1.3
    engines: {node: ^10 || ^12 || >=14.0}
    peerDependencies:
      postcss: ^8.2.15
    dependencies:
      browserslist: registry.npmmirror.com/browserslist/4.21.4
      postcss: registry.npmmirror.com/postcss/8.4.20
      postcss-value-parser: registry.npmmirror.com/postcss-value-parser/4.2.0
    dev: true

  registry.npmmirror.com/postcss-discard-comments/5.1.2_postcss@8.4.20:
    resolution: {integrity: sha512-+L8208OVbHVF2UQf1iDmRcbdjJkuBF6IS29yBDSiWUIzpYaAhtNl6JYnYm12FnkeCwQqF5LeklOu6rAqgfBZqQ==, registry: https://registry.npm.taobao.org/, tarball: https://registry.npmmirror.com/postcss-discard-comments/-/postcss-discard-comments-5.1.2.tgz}
    id: registry.npmmirror.com/postcss-discard-comments/5.1.2
    name: postcss-discard-comments
    version: 5.1.2
    engines: {node: ^10 || ^12 || >=14.0}
    peerDependencies:
      postcss: ^8.2.15
    dependencies:
      postcss: registry.npmmirror.com/postcss/8.4.20
    dev: true

  registry.npmmirror.com/postcss-discard-duplicates/5.1.0_postcss@8.4.20:
    resolution: {integrity: sha512-zmX3IoSI2aoenxHV6C7plngHWWhUOV3sP1T8y2ifzxzbtnuhk1EdPwm0S1bIUNaJ2eNbWeGLEwzw8huPD67aQw==, registry: https://registry.npm.taobao.org/, tarball: https://registry.npmmirror.com/postcss-discard-duplicates/-/postcss-discard-duplicates-5.1.0.tgz}
    id: registry.npmmirror.com/postcss-discard-duplicates/5.1.0
    name: postcss-discard-duplicates
    version: 5.1.0
    engines: {node: ^10 || ^12 || >=14.0}
    peerDependencies:
      postcss: ^8.2.15
    dependencies:
      postcss: registry.npmmirror.com/postcss/8.4.20
    dev: true

  registry.npmmirror.com/postcss-discard-empty/5.1.1_postcss@8.4.20:
    resolution: {integrity: sha512-zPz4WljiSuLWsI0ir4Mcnr4qQQ5e1Ukc3i7UfE2XcrwKK2LIPIqE5jxMRxO6GbI3cv//ztXDsXwEWT3BHOGh3A==, registry: https://registry.npm.taobao.org/, tarball: https://registry.npmmirror.com/postcss-discard-empty/-/postcss-discard-empty-5.1.1.tgz}
    id: registry.npmmirror.com/postcss-discard-empty/5.1.1
    name: postcss-discard-empty
    version: 5.1.1
    engines: {node: ^10 || ^12 || >=14.0}
    peerDependencies:
      postcss: ^8.2.15
    dependencies:
      postcss: registry.npmmirror.com/postcss/8.4.20
    dev: true

  registry.npmmirror.com/postcss-discard-overridden/5.1.0_postcss@8.4.20:
    resolution: {integrity: sha512-21nOL7RqWR1kasIVdKs8HNqQJhFxLsyRfAnUDm4Fe4t4mCWL9OJiHvlHPjcd8zc5Myu89b/7wZDnOSjFgeWRtw==, registry: https://registry.npm.taobao.org/, tarball: https://registry.npmmirror.com/postcss-discard-overridden/-/postcss-discard-overridden-5.1.0.tgz}
    id: registry.npmmirror.com/postcss-discard-overridden/5.1.0
    name: postcss-discard-overridden
    version: 5.1.0
    engines: {node: ^10 || ^12 || >=14.0}
    peerDependencies:
      postcss: ^8.2.15
    dependencies:
      postcss: registry.npmmirror.com/postcss/8.4.20
    dev: true

  registry.npmmirror.com/postcss-merge-longhand/5.1.7_postcss@8.4.20:
    resolution: {integrity: sha512-YCI9gZB+PLNskrK0BB3/2OzPnGhPkBEwmwhfYk1ilBHYVAZB7/tkTHFBAnCrvBBOmeYyMYw3DMjT55SyxMBzjQ==, registry: https://registry.npm.taobao.org/, tarball: https://registry.npmmirror.com/postcss-merge-longhand/-/postcss-merge-longhand-5.1.7.tgz}
    id: registry.npmmirror.com/postcss-merge-longhand/5.1.7
    name: postcss-merge-longhand
    version: 5.1.7
    engines: {node: ^10 || ^12 || >=14.0}
    peerDependencies:
      postcss: ^8.2.15
    dependencies:
      postcss: registry.npmmirror.com/postcss/8.4.20
      postcss-value-parser: registry.npmmirror.com/postcss-value-parser/4.2.0
      stylehacks: registry.npmmirror.com/stylehacks/5.1.1_postcss@8.4.20
    dev: true

  registry.npmmirror.com/postcss-merge-rules/5.1.3_postcss@8.4.20:
    resolution: {integrity: sha512-LbLd7uFC00vpOuMvyZop8+vvhnfRGpp2S+IMQKeuOZZapPRY4SMq5ErjQeHbHsjCUgJkRNrlU+LmxsKIqPKQlA==, registry: https://registry.npm.taobao.org/, tarball: https://registry.npmmirror.com/postcss-merge-rules/-/postcss-merge-rules-5.1.3.tgz}
    id: registry.npmmirror.com/postcss-merge-rules/5.1.3
    name: postcss-merge-rules
    version: 5.1.3
    engines: {node: ^10 || ^12 || >=14.0}
    peerDependencies:
      postcss: ^8.2.15
    dependencies:
      browserslist: registry.npmmirror.com/browserslist/4.21.4
      caniuse-api: registry.npmmirror.com/caniuse-api/3.0.0
      cssnano-utils: registry.npmmirror.com/cssnano-utils/3.1.0_postcss@8.4.20
      postcss: registry.npmmirror.com/postcss/8.4.20
      postcss-selector-parser: registry.npmmirror.com/postcss-selector-parser/6.0.11
    dev: true

  registry.npmmirror.com/postcss-minify-font-values/5.1.0_postcss@8.4.20:
    resolution: {integrity: sha512-el3mYTgx13ZAPPirSVsHqFzl+BBBDrXvbySvPGFnQcTI4iNslrPaFq4muTkLZmKlGk4gyFAYUBMH30+HurREyA==, registry: https://registry.npm.taobao.org/, tarball: https://registry.npmmirror.com/postcss-minify-font-values/-/postcss-minify-font-values-5.1.0.tgz}
    id: registry.npmmirror.com/postcss-minify-font-values/5.1.0
    name: postcss-minify-font-values
    version: 5.1.0
    engines: {node: ^10 || ^12 || >=14.0}
    peerDependencies:
      postcss: ^8.2.15
    dependencies:
      postcss: registry.npmmirror.com/postcss/8.4.20
      postcss-value-parser: registry.npmmirror.com/postcss-value-parser/4.2.0
    dev: true

  registry.npmmirror.com/postcss-minify-gradients/5.1.1_postcss@8.4.20:
    resolution: {integrity: sha512-VGvXMTpCEo4qHTNSa9A0a3D+dxGFZCYwR6Jokk+/3oB6flu2/PnPXAh2x7x52EkY5xlIHLm+Le8tJxe/7TNhzw==, registry: https://registry.npm.taobao.org/, tarball: https://registry.npmmirror.com/postcss-minify-gradients/-/postcss-minify-gradients-5.1.1.tgz}
    id: registry.npmmirror.com/postcss-minify-gradients/5.1.1
    name: postcss-minify-gradients
    version: 5.1.1
    engines: {node: ^10 || ^12 || >=14.0}
    peerDependencies:
      postcss: ^8.2.15
    dependencies:
      colord: registry.npmmirror.com/colord/2.9.3
      cssnano-utils: registry.npmmirror.com/cssnano-utils/3.1.0_postcss@8.4.20
      postcss: registry.npmmirror.com/postcss/8.4.20
      postcss-value-parser: registry.npmmirror.com/postcss-value-parser/4.2.0
    dev: true

  registry.npmmirror.com/postcss-minify-params/5.1.4_postcss@8.4.20:
    resolution: {integrity: sha512-+mePA3MgdmVmv6g+30rn57USjOGSAyuxUmkfiWpzalZ8aiBkdPYjXWtHuwJGm1v5Ojy0Z0LaSYhHaLJQB0P8Jw==, registry: https://registry.npm.taobao.org/, tarball: https://registry.npmmirror.com/postcss-minify-params/-/postcss-minify-params-5.1.4.tgz}
    id: registry.npmmirror.com/postcss-minify-params/5.1.4
    name: postcss-minify-params
    version: 5.1.4
    engines: {node: ^10 || ^12 || >=14.0}
    peerDependencies:
      postcss: ^8.2.15
    dependencies:
      browserslist: registry.npmmirror.com/browserslist/4.21.4
      cssnano-utils: registry.npmmirror.com/cssnano-utils/3.1.0_postcss@8.4.20
      postcss: registry.npmmirror.com/postcss/8.4.20
      postcss-value-parser: registry.npmmirror.com/postcss-value-parser/4.2.0
    dev: true

  registry.npmmirror.com/postcss-minify-selectors/5.2.1_postcss@8.4.20:
    resolution: {integrity: sha512-nPJu7OjZJTsVUmPdm2TcaiohIwxP+v8ha9NehQ2ye9szv4orirRU3SDdtUmKH+10nzn0bAyOXZ0UEr7OpvLehg==, registry: https://registry.npm.taobao.org/, tarball: https://registry.npmmirror.com/postcss-minify-selectors/-/postcss-minify-selectors-5.2.1.tgz}
    id: registry.npmmirror.com/postcss-minify-selectors/5.2.1
    name: postcss-minify-selectors
    version: 5.2.1
    engines: {node: ^10 || ^12 || >=14.0}
    peerDependencies:
      postcss: ^8.2.15
    dependencies:
      postcss: registry.npmmirror.com/postcss/8.4.20
      postcss-selector-parser: registry.npmmirror.com/postcss-selector-parser/6.0.11
    dev: true

  registry.npmmirror.com/postcss-normalize-charset/5.1.0_postcss@8.4.20:
    resolution: {integrity: sha512-mSgUJ+pd/ldRGVx26p2wz9dNZ7ji6Pn8VWBajMXFf8jk7vUoSrZ2lt/wZR7DtlZYKesmZI680qjr2CeFF2fbUg==, registry: https://registry.npm.taobao.org/, tarball: https://registry.npmmirror.com/postcss-normalize-charset/-/postcss-normalize-charset-5.1.0.tgz}
    id: registry.npmmirror.com/postcss-normalize-charset/5.1.0
    name: postcss-normalize-charset
    version: 5.1.0
    engines: {node: ^10 || ^12 || >=14.0}
    peerDependencies:
      postcss: ^8.2.15
    dependencies:
      postcss: registry.npmmirror.com/postcss/8.4.20
    dev: true

  registry.npmmirror.com/postcss-normalize-display-values/5.1.0_postcss@8.4.20:
    resolution: {integrity: sha512-WP4KIM4o2dazQXWmFaqMmcvsKmhdINFblgSeRgn8BJ6vxaMyaJkwAzpPpuvSIoG/rmX3M+IrRZEz2H0glrQNEA==, registry: https://registry.npm.taobao.org/, tarball: https://registry.npmmirror.com/postcss-normalize-display-values/-/postcss-normalize-display-values-5.1.0.tgz}
    id: registry.npmmirror.com/postcss-normalize-display-values/5.1.0
    name: postcss-normalize-display-values
    version: 5.1.0
    engines: {node: ^10 || ^12 || >=14.0}
    peerDependencies:
      postcss: ^8.2.15
    dependencies:
      postcss: registry.npmmirror.com/postcss/8.4.20
      postcss-value-parser: registry.npmmirror.com/postcss-value-parser/4.2.0
    dev: true

  registry.npmmirror.com/postcss-normalize-positions/5.1.1_postcss@8.4.20:
    resolution: {integrity: sha512-6UpCb0G4eofTCQLFVuI3EVNZzBNPiIKcA1AKVka+31fTVySphr3VUgAIULBhxZkKgwLImhzMR2Bw1ORK+37INg==, registry: https://registry.npm.taobao.org/, tarball: https://registry.npmmirror.com/postcss-normalize-positions/-/postcss-normalize-positions-5.1.1.tgz}
    id: registry.npmmirror.com/postcss-normalize-positions/5.1.1
    name: postcss-normalize-positions
    version: 5.1.1
    engines: {node: ^10 || ^12 || >=14.0}
    peerDependencies:
      postcss: ^8.2.15
    dependencies:
      postcss: registry.npmmirror.com/postcss/8.4.20
      postcss-value-parser: registry.npmmirror.com/postcss-value-parser/4.2.0
    dev: true

  registry.npmmirror.com/postcss-normalize-repeat-style/5.1.1_postcss@8.4.20:
    resolution: {integrity: sha512-mFpLspGWkQtBcWIRFLmewo8aC3ImN2i/J3v8YCFUwDnPu3Xz4rLohDO26lGjwNsQxB3YF0KKRwspGzE2JEuS0g==, registry: https://registry.npm.taobao.org/, tarball: https://registry.npmmirror.com/postcss-normalize-repeat-style/-/postcss-normalize-repeat-style-5.1.1.tgz}
    id: registry.npmmirror.com/postcss-normalize-repeat-style/5.1.1
    name: postcss-normalize-repeat-style
    version: 5.1.1
    engines: {node: ^10 || ^12 || >=14.0}
    peerDependencies:
      postcss: ^8.2.15
    dependencies:
      postcss: registry.npmmirror.com/postcss/8.4.20
      postcss-value-parser: registry.npmmirror.com/postcss-value-parser/4.2.0
    dev: true

  registry.npmmirror.com/postcss-normalize-string/5.1.0_postcss@8.4.20:
    resolution: {integrity: sha512-oYiIJOf4T9T1N4i+abeIc7Vgm/xPCGih4bZz5Nm0/ARVJ7K6xrDlLwvwqOydvyL3RHNf8qZk6vo3aatiw/go3w==, registry: https://registry.npm.taobao.org/, tarball: https://registry.npmmirror.com/postcss-normalize-string/-/postcss-normalize-string-5.1.0.tgz}
    id: registry.npmmirror.com/postcss-normalize-string/5.1.0
    name: postcss-normalize-string
    version: 5.1.0
    engines: {node: ^10 || ^12 || >=14.0}
    peerDependencies:
      postcss: ^8.2.15
    dependencies:
      postcss: registry.npmmirror.com/postcss/8.4.20
      postcss-value-parser: registry.npmmirror.com/postcss-value-parser/4.2.0
    dev: true

  registry.npmmirror.com/postcss-normalize-timing-functions/5.1.0_postcss@8.4.20:
    resolution: {integrity: sha512-DOEkzJ4SAXv5xkHl0Wa9cZLF3WCBhF3o1SKVxKQAa+0pYKlueTpCgvkFAHfk+Y64ezX9+nITGrDZeVGgITJXjg==, registry: https://registry.npm.taobao.org/, tarball: https://registry.npmmirror.com/postcss-normalize-timing-functions/-/postcss-normalize-timing-functions-5.1.0.tgz}
    id: registry.npmmirror.com/postcss-normalize-timing-functions/5.1.0
    name: postcss-normalize-timing-functions
    version: 5.1.0
    engines: {node: ^10 || ^12 || >=14.0}
    peerDependencies:
      postcss: ^8.2.15
    dependencies:
      postcss: registry.npmmirror.com/postcss/8.4.20
      postcss-value-parser: registry.npmmirror.com/postcss-value-parser/4.2.0
    dev: true

  registry.npmmirror.com/postcss-normalize-unicode/5.1.1_postcss@8.4.20:
    resolution: {integrity: sha512-qnCL5jzkNUmKVhZoENp1mJiGNPcsJCs1aaRmURmeJGES23Z/ajaln+EPTD+rBeNkSryI+2WTdW+lwcVdOikrpA==, registry: https://registry.npm.taobao.org/, tarball: https://registry.npmmirror.com/postcss-normalize-unicode/-/postcss-normalize-unicode-5.1.1.tgz}
    id: registry.npmmirror.com/postcss-normalize-unicode/5.1.1
    name: postcss-normalize-unicode
    version: 5.1.1
    engines: {node: ^10 || ^12 || >=14.0}
    peerDependencies:
      postcss: ^8.2.15
    dependencies:
      browserslist: registry.npmmirror.com/browserslist/4.21.4
      postcss: registry.npmmirror.com/postcss/8.4.20
      postcss-value-parser: registry.npmmirror.com/postcss-value-parser/4.2.0
    dev: true

  registry.npmmirror.com/postcss-normalize-url/5.1.0_postcss@8.4.20:
    resolution: {integrity: sha512-5upGeDO+PVthOxSmds43ZeMeZfKH+/DKgGRD7TElkkyS46JXAUhMzIKiCa7BabPeIy3AQcTkXwVVN7DbqsiCew==, registry: https://registry.npm.taobao.org/, tarball: https://registry.npmmirror.com/postcss-normalize-url/-/postcss-normalize-url-5.1.0.tgz}
    id: registry.npmmirror.com/postcss-normalize-url/5.1.0
    name: postcss-normalize-url
    version: 5.1.0
    engines: {node: ^10 || ^12 || >=14.0}
    peerDependencies:
      postcss: ^8.2.15
    dependencies:
      normalize-url: registry.npmmirror.com/normalize-url/6.1.0
      postcss: registry.npmmirror.com/postcss/8.4.20
      postcss-value-parser: registry.npmmirror.com/postcss-value-parser/4.2.0
    dev: true

  registry.npmmirror.com/postcss-normalize-whitespace/5.1.1_postcss@8.4.20:
    resolution: {integrity: sha512-83ZJ4t3NUDETIHTa3uEg6asWjSBYL5EdkVB0sDncx9ERzOKBVJIUeDO9RyA9Zwtig8El1d79HBp0JEi8wvGQnA==, registry: https://registry.npm.taobao.org/, tarball: https://registry.npmmirror.com/postcss-normalize-whitespace/-/postcss-normalize-whitespace-5.1.1.tgz}
    id: registry.npmmirror.com/postcss-normalize-whitespace/5.1.1
    name: postcss-normalize-whitespace
    version: 5.1.1
    engines: {node: ^10 || ^12 || >=14.0}
    peerDependencies:
      postcss: ^8.2.15
    dependencies:
      postcss: registry.npmmirror.com/postcss/8.4.20
      postcss-value-parser: registry.npmmirror.com/postcss-value-parser/4.2.0
    dev: true

  registry.npmmirror.com/postcss-ordered-values/5.1.3_postcss@8.4.20:
    resolution: {integrity: sha512-9UO79VUhPwEkzbb3RNpqqghc6lcYej1aveQteWY+4POIwlqkYE21HKWaLDF6lWNuqCobEAyTovVhtI32Rbv2RQ==, registry: https://registry.npm.taobao.org/, tarball: https://registry.npmmirror.com/postcss-ordered-values/-/postcss-ordered-values-5.1.3.tgz}
    id: registry.npmmirror.com/postcss-ordered-values/5.1.3
    name: postcss-ordered-values
    version: 5.1.3
    engines: {node: ^10 || ^12 || >=14.0}
    peerDependencies:
      postcss: ^8.2.15
    dependencies:
      cssnano-utils: registry.npmmirror.com/cssnano-utils/3.1.0_postcss@8.4.20
      postcss: registry.npmmirror.com/postcss/8.4.20
      postcss-value-parser: registry.npmmirror.com/postcss-value-parser/4.2.0
    dev: true

  registry.npmmirror.com/postcss-reduce-initial/5.1.1_postcss@8.4.20:
    resolution: {integrity: sha512-//jeDqWcHPuXGZLoolFrUXBDyuEGbr9S2rMo19bkTIjBQ4PqkaO+oI8wua5BOUxpfi97i3PCoInsiFIEBfkm9w==, registry: https://registry.npm.taobao.org/, tarball: https://registry.npmmirror.com/postcss-reduce-initial/-/postcss-reduce-initial-5.1.1.tgz}
    id: registry.npmmirror.com/postcss-reduce-initial/5.1.1
    name: postcss-reduce-initial
    version: 5.1.1
    engines: {node: ^10 || ^12 || >=14.0}
    peerDependencies:
      postcss: ^8.2.15
    dependencies:
      browserslist: registry.npmmirror.com/browserslist/4.21.4
      caniuse-api: registry.npmmirror.com/caniuse-api/3.0.0
      postcss: registry.npmmirror.com/postcss/8.4.20
    dev: true

  registry.npmmirror.com/postcss-reduce-transforms/5.1.0_postcss@8.4.20:
    resolution: {integrity: sha512-2fbdbmgir5AvpW9RLtdONx1QoYG2/EtqpNQbFASDlixBbAYuTcJ0dECwlqNqH7VbaUnEnh8SrxOe2sRIn24XyQ==, registry: https://registry.npm.taobao.org/, tarball: https://registry.npmmirror.com/postcss-reduce-transforms/-/postcss-reduce-transforms-5.1.0.tgz}
    id: registry.npmmirror.com/postcss-reduce-transforms/5.1.0
    name: postcss-reduce-transforms
    version: 5.1.0
    engines: {node: ^10 || ^12 || >=14.0}
    peerDependencies:
      postcss: ^8.2.15
    dependencies:
      postcss: registry.npmmirror.com/postcss/8.4.20
      postcss-value-parser: registry.npmmirror.com/postcss-value-parser/4.2.0
    dev: true

  registry.npmmirror.com/postcss-selector-parser/6.0.11:
    resolution: {integrity: sha512-zbARubNdogI9j7WY4nQJBiNqQf3sLS3wCP4WfOidu+p28LofJqDH1tcXypGrcmMHhDk2t9wGhCsYe/+szLTy1g==, registry: https://registry.npm.taobao.org/, tarball: https://registry.npmmirror.com/postcss-selector-parser/-/postcss-selector-parser-6.0.11.tgz}
    name: postcss-selector-parser
    version: 6.0.11
    engines: {node: '>=4'}
    dependencies:
      cssesc: registry.npmmirror.com/cssesc/3.0.0
      util-deprecate: registry.npmmirror.com/util-deprecate/1.0.2
    dev: true

  registry.npmmirror.com/postcss-svgo/5.1.0_postcss@8.4.20:
    resolution: {integrity: sha512-D75KsH1zm5ZrHyxPakAxJWtkyXew5qwS70v56exwvw542d9CRtTo78K0WeFxZB4G7JXKKMbEZtZayTGdIky/eA==, registry: https://registry.npm.taobao.org/, tarball: https://registry.npmmirror.com/postcss-svgo/-/postcss-svgo-5.1.0.tgz}
    id: registry.npmmirror.com/postcss-svgo/5.1.0
    name: postcss-svgo
    version: 5.1.0
    engines: {node: ^10 || ^12 || >=14.0}
    peerDependencies:
      postcss: ^8.2.15
    dependencies:
      postcss: registry.npmmirror.com/postcss/8.4.20
      postcss-value-parser: registry.npmmirror.com/postcss-value-parser/4.2.0
      svgo: registry.npmmirror.com/svgo/2.8.0
    dev: true

  registry.npmmirror.com/postcss-unique-selectors/5.1.1_postcss@8.4.20:
    resolution: {integrity: sha512-5JiODlELrz8L2HwxfPnhOWZYWDxVHWL83ufOv84NrcgipI7TaeRsatAhK4Tr2/ZiYldpK/wBvw5BD3qfaK96GA==, registry: https://registry.npm.taobao.org/, tarball: https://registry.npmmirror.com/postcss-unique-selectors/-/postcss-unique-selectors-5.1.1.tgz}
    id: registry.npmmirror.com/postcss-unique-selectors/5.1.1
    name: postcss-unique-selectors
    version: 5.1.1
    engines: {node: ^10 || ^12 || >=14.0}
    peerDependencies:
      postcss: ^8.2.15
    dependencies:
      postcss: registry.npmmirror.com/postcss/8.4.20
      postcss-selector-parser: registry.npmmirror.com/postcss-selector-parser/6.0.11
    dev: true

  registry.npmmirror.com/postcss-value-parser/4.2.0:
    resolution: {integrity: sha512-1NNCs6uurfkVbeXG4S8JFT9t19m45ICnif8zWLd5oPSZ50QnwMfK+H3jv408d4jw/7Bttv5axS5IiHoLaVNHeQ==, registry: https://registry.npm.taobao.org/, tarball: https://registry.npmmirror.com/postcss-value-parser/-/postcss-value-parser-4.2.0.tgz}
    name: postcss-value-parser
    version: 4.2.0
    dev: true

  registry.npmmirror.com/postcss/8.4.20:
    resolution: {integrity: sha512-6Q04AXR1212bXr5fh03u8aAwbLxAQNGQ/Q1LNa0VfOI06ZAlhPHtQvE4OIdpj4kLThXilalPnmDSOD65DcHt+g==, registry: https://registry.npm.taobao.org/, tarball: https://registry.npmmirror.com/postcss/-/postcss-8.4.20.tgz}
    name: postcss
    version: 8.4.20
    engines: {node: ^10 || ^12 || >=14}
    dependencies:
      nanoid: registry.npmmirror.com/nanoid/3.3.4
      picocolors: registry.npmmirror.com/picocolors/1.0.0
      source-map-js: registry.npmmirror.com/source-map-js/1.0.2

  registry.npmmirror.com/proxy-from-env/1.1.0:
    resolution: {integrity: sha512-D+zkORCbA9f1tdWRK0RaCR3GPv50cMxcrz4X8k5LTSUD1Dkw47mKJEZQNunItRTkWwgtaUSo1RVFRIG9ZXiFYg==, registry: https://registry.npm.taobao.org/, tarball: https://registry.npmmirror.com/proxy-from-env/-/proxy-from-env-1.1.0.tgz}
    name: proxy-from-env
    version: 1.1.0
    dev: false

  registry.npmmirror.com/source-map-js/1.0.2:
    resolution: {integrity: sha512-R0XvVJ9WusLiqTCEiGCmICCMplcCkIwwR11mOSD9CR5u+IXYdiseeEuXCVAjS54zqwkLcPNnmU4OeJ6tUrWhDw==, registry: https://registry.npm.taobao.org/, tarball: https://registry.npmmirror.com/source-map-js/-/source-map-js-1.0.2.tgz}
    name: source-map-js
    version: 1.0.2
    engines: {node: '>=0.10.0'}

  registry.npmmirror.com/source-map/0.6.1:
    resolution: {integrity: sha512-UjgapumWlbMhkBgzT7Ykc5YXUT46F0iKu8SGXq0bcwP5dz/h0Plj6enJqjz1Zbq2l5WaqYnrVbwWOWMyF3F47g==, registry: https://registry.npm.taobao.org/, tarball: https://registry.npmmirror.com/source-map/-/source-map-0.6.1.tgz}
    name: source-map
    version: 0.6.1
    engines: {node: '>=0.10.0'}
    dev: true

  registry.npmmirror.com/stable/0.1.8:
    resolution: {integrity: sha512-ji9qxRnOVfcuLDySj9qzhGSEFVobyt1kIOSkj1qZzYLzq7Tos/oUUWvotUPQLlrsidqsK6tBH89Bc9kL5zHA6w==, registry: https://registry.npm.taobao.org/, tarball: https://registry.npmmirror.com/stable/-/stable-0.1.8.tgz}
    name: stable
    version: 0.1.8
    deprecated: 'Modern JS already guarantees Array#sort() is a stable sort, so this library is deprecated. See the compatibility table on MDN: https://developer.mozilla.org/en-US/docs/Web/JavaScript/Reference/Global_Objects/Array/sort#browser_compatibility'
    dev: true

  registry.npmmirror.com/stylehacks/5.1.1_postcss@8.4.20:
    resolution: {integrity: sha512-sBpcd5Hx7G6seo7b1LkpttvTz7ikD0LlH5RmdcBNb6fFR0Fl7LQwHDFr300q4cwUqi+IYrFGmsIHieMBfnN/Bw==, registry: https://registry.npm.taobao.org/, tarball: https://registry.npmmirror.com/stylehacks/-/stylehacks-5.1.1.tgz}
    id: registry.npmmirror.com/stylehacks/5.1.1
    name: stylehacks
    version: 5.1.1
    engines: {node: ^10 || ^12 || >=14.0}
    peerDependencies:
      postcss: ^8.2.15
    dependencies:
      browserslist: registry.npmmirror.com/browserslist/4.21.4
      postcss: registry.npmmirror.com/postcss/8.4.20
      postcss-selector-parser: registry.npmmirror.com/postcss-selector-parser/6.0.11
    dev: true

  registry.npmmirror.com/svgo/2.8.0:
    resolution: {integrity: sha512-+N/Q9kV1+F+UeWYoSiULYo4xYSDQlTgb+ayMobAXPwMnLvop7oxKMo9OzIrX5x3eS4L4f2UHhc9axXwY8DpChg==, registry: https://registry.npm.taobao.org/, tarball: https://registry.npmmirror.com/svgo/-/svgo-2.8.0.tgz}
    name: svgo
    version: 2.8.0
    engines: {node: '>=10.13.0'}
    hasBin: true
    dependencies:
      '@trysound/sax': registry.npmmirror.com/@trysound/sax/0.2.0
      commander: registry.npmmirror.com/commander/7.2.0
      css-select: registry.npmmirror.com/css-select/4.3.0
      css-tree: registry.npmmirror.com/css-tree/1.1.3
      csso: registry.npmmirror.com/csso/4.2.0
      picocolors: registry.npmmirror.com/picocolors/1.0.0
      stable: registry.npmmirror.com/stable/0.1.8
    dev: true

  registry.npmmirror.com/typescript/4.9.4:
    resolution: {integrity: sha512-Uz+dTXYzxXXbsFpM86Wh3dKCxrQqUcVMxwU54orwlJjOpO3ao8L7j5lH+dWfTwgCwIuM9GQ2kvVotzYJMXTBZg==, registry: https://registry.npm.taobao.org/, tarball: https://registry.npmmirror.com/typescript/-/typescript-4.9.4.tgz}
    name: typescript
    version: 4.9.4
    engines: {node: '>=4.2.0'}
    hasBin: true
    dev: true

  registry.npmmirror.com/update-browserslist-db/1.0.10_browserslist@4.21.4:
    resolution: {integrity: sha512-OztqDenkfFkbSG+tRxBeAnCVPckDBcvibKd35yDONx6OU8N7sqgwc7rCbkJ/WcYtVRZ4ba68d6byhC21GFh7sQ==, registry: https://registry.npm.taobao.org/, tarball: https://registry.npmmirror.com/update-browserslist-db/-/update-browserslist-db-1.0.10.tgz}
    id: registry.npmmirror.com/update-browserslist-db/1.0.10
    name: update-browserslist-db
    version: 1.0.10
    hasBin: true
    peerDependencies:
      browserslist: '>= 4.21.0'
    dependencies:
      browserslist: registry.npmmirror.com/browserslist/4.21.4
      escalade: registry.npmmirror.com/escalade/3.1.1
      picocolors: registry.npmmirror.com/picocolors/1.0.0
    dev: true

  registry.npmmirror.com/util-deprecate/1.0.2:
    resolution: {integrity: sha512-EPD5q1uXyFxJpCrLnCc1nHnq3gOa6DZBocAIiI2TaSCA7VCJ1UJDMagCzIkXNsUYfD1daK//LTEQ8xiIbrHtcw==, registry: https://registry.npm.taobao.org/, tarball: https://registry.npmmirror.com/util-deprecate/-/util-deprecate-1.0.2.tgz}
    name: util-deprecate
    version: 1.0.2
    dev: true

  registry.npmmirror.com/yaml/1.10.2:
    resolution: {integrity: sha512-r3vXyErRCYJ7wg28yvBY5VSoAF8ZvlcW9/BwUzEtUsjvX/DKs24dIkuwjtuprwJJHsbyUbLApepYTR1BN4uHrg==, registry: https://registry.npm.taobao.org/, tarball: https://registry.npmmirror.com/yaml/-/yaml-1.10.2.tgz}
    name: yaml
    version: 1.10.2
    engines: {node: '>= 6'}
    dev: true
